
Microsoft Visual Studio Solution File, Format Version 12.00
# Visual Studio Version 16
VisualStudioVersion = 16.0.32929.386
MinimumVisualStudioVersion = 10.0.40219.1
Project("{FAE04EC0-301F-11D3-BF4B-00C04F79EFBC}") = "Tuan05", "Tuan05\Tuan05.csproj", "{D95DF363-42C9-4C69-B5B2-523EC7CEC835}"
EndProject
Global
	GlobalSection(SolutionConfigurationPlatforms) = preSolution
		Debug|Any CPU = Debug|Any CPU
		Release|Any CPU = Release|Any CPU
	EndGlobalSection
	GlobalSection(ProjectConfigurationPlatforms) = postSolution
		{D95DF363-42C9-4C69-B5B2-523EC7CEC835}.Debug|Any CPU.ActiveCfg = Debug|Any CPU
		{D95DF363-42C9-4C69-B5B2-523EC7CEC835}.Debug|Any CPU.Build.0 = Debug|Any CPU
		{D95DF363-42C9-4C69-B5B2-523EC7CEC835}.Release|Any CPU.ActiveCfg = Release|Any CPU
		{D95DF363-42C9-4C69-B5B2-523EC7CEC835}.Release|Any CPU.Build.0 = Release|Any CPU
	EndGlobalSection
	GlobalSection(SolutionProperties) = preSolution
		HideSolutionNode = FALSE
	EndGlobalSection
	GlobalSection(ExtensibilityGlobals) = postSolution
		SolutionGuid = {6541D9B2-870A-4A99-BFE3-A6318E2EB3E6}
	EndGlobalSection
EndGlobal
